github.com/cdvelop/model v0.0.89 h1:VgX3fjwQLNZUHcsSp7fDy/cVjP/H5HEE69U1K5W5srs=
github.com/cdvelop/model v0.0.89/go.mod h1:cYJNxbv1WV/aDgiVPV9VXs8LrbF8+0nU+X+KfSevyzw=
github.com/cdvelop/strings v0.0.9 h1:yDh2msl3EQja0dHw+oOHfD9ymQMa50KakKTkjsXDnvw=
github.com/cdvelop/strings v0.0.9/go.mod h1:zNexDeXHRETbMmlmNThQeM7ksRsvzrphsCfwuSxaURk=
